
Microsoft Visual Studio Solution File, Format Version 12.00
# Visual Studio Version 16
VisualStudioVersion = 16.0.29025.244
MinimumVisualStudioVersion = 10.0.40219.1
Project("{9A19103F-16F7-4668-BE54-9A1E7A4F7556}") = "BackupBot.Test", "BackupBot.Test\BackupBot.Test.csproj", "{8012E736-4288-4CB0-8908-E2FA524D02F2}"
EndProject
Project("{9A19103F-16F7-4668-BE54-9A1E7A4F7556}") = "Discord.Bots", "Discord.Bots\Discord.Bots.csproj", "{37A7DD54-450F-4FCA-BF06-01D0DC34A9CE}"
EndProject
Project("{9A19103F-16F7-4668-BE54-9A1E7A4F7556}") = "BackupBot.Core", "BackupBot.Core\BackupBot.Core.csproj", "{C10EFDA8-F13A-4014-8485-502DF68BAF39}"
EndProject
Project("{9A19103F-16F7-4668-BE54-9A1E7A4F7556}") = "BackupBot.Repository.EntityFramework", "BackupBot.Repository.EntityFramework\BackupBot.Repository.EntityFramework.csproj", "{655BC498-F5FB-44C4-86EB-F40A2830D4AE}"
EndProject
Project("{FAE04EC0-301F-11D3-BF4B-00C04F79EFBC}") = "BackupBot.Services", "BackupBot.Services\BackupBot.Services.csproj", "{87172918-F3EB-4DE1-A894-D2952E1002DC}"
EndProject
Global
	GlobalSection(SolutionConfigurationPlatforms) = preSolution
		Debug|Any CPU = Debug|Any CPU
		Release|Any CPU = Release|Any CPU
	EndGlobalSection
	GlobalSection(ProjectConfigurationPlatforms) = postSolution
		{8012E736-4288-4CB0-8908-E2FA524D02F2}.Debug|Any CPU.ActiveCfg = Debug|Any CPU
		{8012E736-4288-4CB0-8908-E2FA524D02F2}.Debug|Any CPU.Build.0 = Debug|Any CPU
		{8012E736-4288-4CB0-8908-E2FA524D02F2}.Release|Any CPU.ActiveCfg = Release|Any CPU
		{8012E736-4288-4CB0-8908-E2FA524D02F2}.Release|Any CPU.Build.0 = Release|Any CPU
		{37A7DD54-450F-4FCA-BF06-01D0DC34A9CE}.Debug|Any CPU.ActiveCfg = Debug|Any CPU
		{37A7DD54-450F-4FCA-BF06-01D0DC34A9CE}.Debug|Any CPU.Build.0 = Debug|Any CPU
		{37A7DD54-450F-4FCA-BF06-01D0DC34A9CE}.Release|Any CPU.ActiveCfg = Release|Any CPU
		{37A7DD54-450F-4FCA-BF06-01D0DC34A9CE}.Release|Any CPU.Build.0 = Release|Any CPU
		{C10EFDA8-F13A-4014-8485-502DF68BAF39}.Debug|Any CPU.ActiveCfg = Debug|Any CPU
		{C10EFDA8-F13A-4014-8485-502DF68BAF39}.Debug|Any CPU.Build.0 = Debug|Any CPU
		{C10EFDA8-F13A-4014-8485-502DF68BAF39}.Release|Any CPU.ActiveCfg = Release|Any CPU
		{C10EFDA8-F13A-4014-8485-502DF68BAF39}.Release|Any CPU.Build.0 = Release|Any CPU
		{655BC498-F5FB-44C4-86EB-F40A2830D4AE}.Debug|Any CPU.ActiveCfg = Debug|Any CPU
		{655BC498-F5FB-44C4-86EB-F40A2830D4AE}.Debug|Any CPU.Build.0 = Debug|Any CPU
		{655BC498-F5FB-44C4-86EB-F40A2830D4AE}.Release|Any CPU.ActiveCfg = Release|Any CPU
		{655BC498-F5FB-44C4-86EB-F40A2830D4AE}.Release|Any CPU.Build.0 = Release|Any CPU
		{87172918-F3EB-4DE1-A894-D2952E1002DC}.Debug|Any CPU.ActiveCfg = Debug|Any CPU
		{87172918-F3EB-4DE1-A894-D2952E1002DC}.Debug|Any CPU.Build.0 = Debug|Any CPU
		{87172918-F3EB-4DE1-A894-D2952E1002DC}.Release|Any CPU.ActiveCfg = Release|Any CPU
		{87172918-F3EB-4DE1-A894-D2952E1002DC}.Release|Any CPU.Build.0 = Release|Any CPU
	EndGlobalSection
	GlobalSection(SolutionProperties) = preSolution
		HideSolutionNode = FALSE
	EndGlobalSection
	GlobalSection(ExtensibilityGlobals) = postSolution
		SolutionGuid = {2C020DE7-348E-48B9-BE30-F0E744C35578}
	EndGlobalSection
EndGlobal
