
Microsoft Visual Studio Solution File, Format Version 12.00
# Visual Studio Version 16
VisualStudioVersion = 16.0.29025.244
MinimumVisualStudioVersion = 10.0.40219.1
Project("{9A19103F-16F7-4668-BE54-9A1E7A4F7556}") = "BackupBot.Data", "BackupBot.Data\BackupBot.Data.csproj", "{0CF0CB8C-45F8-4DAD-ABB1-B679719864FA}"
EndProject
Project("{9A19103F-16F7-4668-BE54-9A1E7A4F7556}") = "BackupBot.Domain", "BackupBot.Domain\BackupBot.Domain.csproj", "{31D04DBA-78FC-489C-A600-27C9FA73C5E3}"
EndProject
Project("{FAE04EC0-301F-11D3-BF4B-00C04F79EFBC}") = "BackupBot.Test", "BackupBot.Test\BackupBot.Test.csproj", "{8012E736-4288-4CB0-8908-E2FA524D02F2}"
EndProject
Global
	GlobalSection(SolutionConfigurationPlatforms) = preSolution
		Debug|Any CPU = Debug|Any CPU
		Release|Any CPU = Release|Any CPU
	EndGlobalSection
	GlobalSection(ProjectConfigurationPlatforms) = postSolution
		{0CF0CB8C-45F8-4DAD-ABB1-B679719864FA}.Debug|Any CPU.ActiveCfg = Debug|Any CPU
		{0CF0CB8C-45F8-4DAD-ABB1-B679719864FA}.Debug|Any CPU.Build.0 = Debug|Any CPU
		{0CF0CB8C-45F8-4DAD-ABB1-B679719864FA}.Release|Any CPU.ActiveCfg = Release|Any CPU
		{0CF0CB8C-45F8-4DAD-ABB1-B679719864FA}.Release|Any CPU.Build.0 = Release|Any CPU
		{31D04DBA-78FC-489C-A600-27C9FA73C5E3}.Debug|Any CPU.ActiveCfg = Debug|Any CPU
		{31D04DBA-78FC-489C-A600-27C9FA73C5E3}.Debug|Any CPU.Build.0 = Debug|Any CPU
		{31D04DBA-78FC-489C-A600-27C9FA73C5E3}.Release|Any CPU.ActiveCfg = Release|Any CPU
		{31D04DBA-78FC-489C-A600-27C9FA73C5E3}.Release|Any CPU.Build.0 = Release|Any CPU
		{8012E736-4288-4CB0-8908-E2FA524D02F2}.Debug|Any CPU.ActiveCfg = Debug|Any CPU
		{8012E736-4288-4CB0-8908-E2FA524D02F2}.Debug|Any CPU.Build.0 = Debug|Any CPU
		{8012E736-4288-4CB0-8908-E2FA524D02F2}.Release|Any CPU.ActiveCfg = Release|Any CPU
		{8012E736-4288-4CB0-8908-E2FA524D02F2}.Release|Any CPU.Build.0 = Release|Any CPU
	EndGlobalSection
	GlobalSection(SolutionProperties) = preSolution
		HideSolutionNode = FALSE
	EndGlobalSection
	GlobalSection(ExtensibilityGlobals) = postSolution
		SolutionGuid = {2C020DE7-348E-48B9-BE30-F0E744C35578}
	EndGlobalSection
EndGlobal
