
Microsoft Visual Studio Solution File, Format Version 12.00
# Visual Studio Version 16
VisualStudioVersion = 16.0.29025.244
MinimumVisualStudioVersion = 10.0.40219.1
Project("{9A19103F-16F7-4668-BE54-9A1E7A4F7556}") = "BackupBot.Test", "BackupBot.Test\BackupBot.Test.csproj", "{8012E736-4288-4CB0-8908-E2FA524D02F2}"
EndProject
Project("{9A19103F-16F7-4668-BE54-9A1E7A4F7556}") = "Discord.Bots", "Discord.Bots\Discord.Bots.csproj", "{37A7DD54-450F-4FCA-BF06-01D0DC34A9CE}"
EndProject
Project("{9A19103F-16F7-4668-BE54-9A1E7A4F7556}") = "BackupBot.Core", "BackupBot.Core\BackupBot.Core.csproj", "{C10EFDA8-F13A-4014-8485-502DF68BAF39}"
EndProject
Project("{9A19103F-16F7-4668-BE54-9A1E7A4F7556}") = "BackupBot.Data", "BackupBot.Data\BackupBot.Data.csproj", "{7E5EF202-4288-49CE-9865-8D191E2DCB0D}"
EndProject
Project("{FAE04EC0-301F-11D3-BF4B-00C04F79EFBC}") = "BackupBot.Services", "BackupBot.Services\BackupBot.Services.csproj", "{E36607C8-3E51-4220-A561-3271BD53F598}"
EndProject
Global
	GlobalSection(SolutionConfigurationPlatforms) = preSolution
		Debug|Any CPU = Debug|Any CPU
		Release|Any CPU = Release|Any CPU
	EndGlobalSection
	GlobalSection(ProjectConfigurationPlatforms) = postSolution
		{8012E736-4288-4CB0-8908-E2FA524D02F2}.Debug|Any CPU.ActiveCfg = Debug|Any CPU
		{8012E736-4288-4CB0-8908-E2FA524D02F2}.Debug|Any CPU.Build.0 = Debug|Any CPU
		{8012E736-4288-4CB0-8908-E2FA524D02F2}.Release|Any CPU.ActiveCfg = Release|Any CPU
		{8012E736-4288-4CB0-8908-E2FA524D02F2}.Release|Any CPU.Build.0 = Release|Any CPU
		{37A7DD54-450F-4FCA-BF06-01D0DC34A9CE}.Debug|Any CPU.ActiveCfg = Debug|Any CPU
		{37A7DD54-450F-4FCA-BF06-01D0DC34A9CE}.Debug|Any CPU.Build.0 = Debug|Any CPU
		{37A7DD54-450F-4FCA-BF06-01D0DC34A9CE}.Release|Any CPU.ActiveCfg = Release|Any CPU
		{37A7DD54-450F-4FCA-BF06-01D0DC34A9CE}.Release|Any CPU.Build.0 = Release|Any CPU
		{C10EFDA8-F13A-4014-8485-502DF68BAF39}.Debug|Any CPU.ActiveCfg = Debug|Any CPU
		{C10EFDA8-F13A-4014-8485-502DF68BAF39}.Debug|Any CPU.Build.0 = Debug|Any CPU
		{C10EFDA8-F13A-4014-8485-502DF68BAF39}.Release|Any CPU.ActiveCfg = Release|Any CPU
		{C10EFDA8-F13A-4014-8485-502DF68BAF39}.Release|Any CPU.Build.0 = Release|Any CPU
		{7E5EF202-4288-49CE-9865-8D191E2DCB0D}.Debug|Any CPU.ActiveCfg = Debug|Any CPU
		{7E5EF202-4288-49CE-9865-8D191E2DCB0D}.Debug|Any CPU.Build.0 = Debug|Any CPU
		{7E5EF202-4288-49CE-9865-8D191E2DCB0D}.Release|Any CPU.ActiveCfg = Release|Any CPU
		{7E5EF202-4288-49CE-9865-8D191E2DCB0D}.Release|Any CPU.Build.0 = Release|Any CPU
		{E36607C8-3E51-4220-A561-3271BD53F598}.Debug|Any CPU.ActiveCfg = Debug|Any CPU
		{E36607C8-3E51-4220-A561-3271BD53F598}.Debug|Any CPU.Build.0 = Debug|Any CPU
		{E36607C8-3E51-4220-A561-3271BD53F598}.Release|Any CPU.ActiveCfg = Release|Any CPU
		{E36607C8-3E51-4220-A561-3271BD53F598}.Release|Any CPU.Build.0 = Release|Any CPU
	EndGlobalSection
	GlobalSection(SolutionProperties) = preSolution
		HideSolutionNode = FALSE
	EndGlobalSection
	GlobalSection(ExtensibilityGlobals) = postSolution
		SolutionGuid = {2C020DE7-348E-48B9-BE30-F0E744C35578}
	EndGlobalSection
EndGlobal
